// !$*UTF8*$!
{
	archiveVersion = 1;
	classes = {
	};
	objectVersion = 46;
	objects = {

/* Begin PBXBuildFile section */
		3E0C5A9619B786C800EAE7CF /* AppDelegate.swift in Sources */ = {isa = PBXBuildFile; fileRef = 3E0C5A9519B786C800EAE7CF /* AppDelegate.swift */; };
		3E0C5A9819B786C800EAE7CF /* ViewController.swift in Sources */ = {isa = PBXBuildFile; fileRef = 3E0C5A9719B786C800EAE7CF /* ViewController.swift */; };
		3E0C5A9B19B786C800EAE7CF /* Main.storyboard in Resources */ = {isa = PBXBuildFile; fileRef = 3E0C5A9919B786C800EAE7CF /* Main.storyboard */; };
		3E0C5A9D19B786C800EAE7CF /* Images.xcassets in Resources */ = {isa = PBXBuildFile; fileRef = 3E0C5A9C19B786C800EAE7CF /* Images.xcassets */; };
		3E0C5AA919B786C800EAE7CF /* tipsTests.swift in Sources */ = {isa = PBXBuildFile; fileRef = 3E0C5AA819B786C800EAE7CF /* tipsTests.swift */; };
		3E0C5AB819BD494000EAE7CF /* SettingsViewController.swift in Sources */ = {isa = PBXBuildFile; fileRef = 3E0C5AB719BD494000EAE7CF /* SettingsViewController.swift */; };
/* End PBXBuildFile section */

/* Begin PBXContainerItemProxy section */
		3E0C5AA319B786C800EAE7CF /* PBXContainerItemProxy */ = {
			isa = PBXContainerItemProxy;
			containerPortal = 3E0C5A8819B786C800EAE7CF /* Project object */;
			proxyType = 1;
			remoteGlobalIDString = 3E0C5A8F19B786C800EAE7CF;
			remoteInfo = tips;
		};
/* End PBXContainerItemProxy section */

/* Begin PBXFileReference section */
		3E0C5A9019B786C800EAE7CF /* tips.app */ = {isa = PBXFileReference; explicitFileType = wrapper.application; includeInIndex = 0; path = tips.app; sourceTree = BUILT_PRODUCTS_DIR; };
		3E0C5A9419B786C800EAE7CF /* Info.plist */ = {isa = PBXFileReference; lastKnownFileType = text.plist.xml; path = Info.plist; sourceTree = "<group>"; };
		3E0C5A9519B786C800EAE7CF /* AppDelegate.swift */ = {isa = PBXFileReference; lastKnownFileType = sourcecode.swift; path = AppDelegate.swift; sourceTree = "<group>"; };
		3E0C5A9719B786C800EAE7CF /* ViewController.swift */ = {isa = PBXFileReference; lastKnownFileType = sourcecode.swift; path = ViewController.swift; sourceTree = "<group>"; };
		3E0C5A9A19B786C800EAE7CF /* Base */ = {isa = PBXFileReference; lastKnownFileType = file.storyboard; name = Base; path = Base.lproj/Main.storyboard; sourceTree = "<group>"; };
		3E0C5A9C19B786C800EAE7CF /* Images.xcassets */ = {isa = PBXFileReference; lastKnownFileType = folder.assetcatalog; path = Images.xcassets; sourceTree = "<group>"; };
		3E0C5AA219B786C800EAE7CF /* tipsTests.xctest */ = {isa = PBXFileReference; explicitFileType = wrapper.cfbundle; includeInIndex = 0; path = tipsTests.xctest; sourceTree = BUILT_PRODUCTS_DIR; };
		3E0C5AA719B786C800EAE7CF /* Info.plist */ = {isa = PBXFileReference; lastKnownFileType = text.plist.xml; path = Info.plist; sourceTree = "<group>"; };
		3E0C5AA819B786C800EAE7CF /* tipsTests.swift */ = {isa = PBXFileReference; lastKnownFileType = sourcecode.swift; path = tipsTests.swift; sourceTree = "<group>"; };
		3E0C5AB719BD494000EAE7CF /* SettingsViewController.swift */ = {isa = PBXFileReference; fileEncoding = 4; lastKnownFileType = sourcecode.swift; path = SettingsViewController.swift; sourceTree = "<group>"; };
/* End PBXFileReference section */

/* Begin PBXFrameworksBuildPhase section */
		3E0C5A8D19B786C800EAE7CF /* Frameworks */ = {
			isa = PBXFrameworksBuildPhase;
			buildActionMask = 2147483647;
			files = (
			);
			runOnlyForDeploymentPostprocessing = 0;
		};
		3E0C5A9F19B786C800EAE7CF /* Frameworks */ = {
			isa = PBXFrameworksBuildPhase;
			buildActionMask = 2147483647;
			files = (
			);
			runOnlyForDeploymentPostprocessing = 0;
		};
/* End PBXFrameworksBuildPhase section */

/* Begin PBXGroup section */
		3E0C5A8719B786C800EAE7CF = {
			isa = PBXGroup;
			children = (
				3E0C5A9219B786C800EAE7CF /* tips */,
				3E0C5AA519B786C800EAE7CF /* tipsTests */,
				3E0C5A9119B786C800EAE7CF /* Products */,
			);
			sourceTree = "<group>";
		};
		3E0C5A9119B786C800EAE7CF /* Products */ = {
			isa = PBXGroup;
			children = (
				3E0C5A9019B786C800EAE7CF /* tips.app */,
				3E0C5AA219B786C800EAE7CF /* tipsTests.xctest */,
			);
			name = Products;
			sourceTree = "<group>";
		};
		3E0C5A9219B786C800EAE7CF /* tips */ = {
			isa = PBXGroup;
			children = (
				3E0C5AB419BD480800EAE7CF /* ViewControllers */,
				3E0C5A9519B786C800EAE7CF /* AppDelegate.swift */,
				3E0C5A9719B786C800EAE7CF /* ViewController.swift */,
				3E0C5A9919B786C800EAE7CF /* Main.storyboard */,
				3E0C5A9C19B786C800EAE7CF /* Images.xcassets */,
				3E0C5A9319B786C800EAE7CF /* Supporting Files */,
			);
			path = tips;
			sourceTree = "<group>";
		};
		3E0C5A9319B786C800EAE7CF /* Supporting Files */ = {
			isa = PBXGroup;
			children = (
				3E0C5A9419B786C800EAE7CF /* Info.plist */,
			);
			name = "Supporting Files";
			sourceTree = "<group>";
		};
		3E0C5AA519B786C800EAE7CF /* tipsTests */ = {
			isa = PBXGroup;
			children = (
				3E0C5AA819B786C800EAE7CF /* tipsTests.swift */,
				3E0C5AA619B786C800EAE7CF /* Supporting Files */,
			);
			path = tipsTests;
			sourceTree = "<group>";
		};
		3E0C5AA619B786C800EAE7CF /* Supporting Files */ = {
			isa = PBXGroup;
			children = (
				3E0C5AA719B786C800EAE7CF /* Info.plist */,
			);
			name = "Supporting Files";
			sourceTree = "<group>";
		};
		3E0C5AB419BD480800EAE7CF /* ViewControllers */ = {
			isa = PBXGroup;
			children = (
				3E0C5AB719BD494000EAE7CF /* SettingsViewController.swift */,
			);
			name = ViewControllers;
			sourceTree = "<group>";
		};
/* End PBXGroup section */

/* Begin PBXNativeTarget section */
		3E0C5A8F19B786C800EAE7CF /* tips */ = {
			isa = PBXNativeTarget;
			buildConfigurationList = 3E0C5AAC19B786C800EAE7CF /* Build configuration list for PBXNativeTarget "tips" */;
			buildPhases = (
				3E0C5A8C19B786C800EAE7CF /* Sources */,
				3E0C5A8D19B786C800EAE7CF /* Frameworks */,
				3E0C5A8E19B786C800EAE7CF /* Resources */,
			);
			buildRules = (
			);
			dependencies = (
			);
			name = tips;
			productName = tips;
			productReference = 3E0C5A9019B786C800EAE7CF /* tips.app */;
			productType = "com.apple.product-type.application";
		};
		3E0C5AA119B786C800EAE7CF /* tipsTests */ = {
			isa = PBXNativeTarget;
			buildConfigurationList = 3E0C5AAF19B786C800EAE7CF /* Build configuration list for PBXNativeTarget "tipsTests" */;
			buildPhases = (
				3E0C5A9E19B786C800EAE7CF /* Sources */,
				3E0C5A9F19B786C800EAE7CF /* Frameworks */,
				3E0C5AA019B786C800EAE7CF /* Resources */,
			);
			buildRules = (
			);
			dependencies = (
				3E0C5AA419B786C800EAE7CF /* PBXTargetDependency */,
			);
			name = tipsTests;
			productName = tipsTests;
			productReference = 3E0C5AA219B786C800EAE7CF /* tipsTests.xctest */;
			productType = "com.apple.product-type.bundle.unit-test";
		};
/* End PBXNativeTarget section */

/* Begin PBXProject section */
		3E0C5A8819B786C800EAE7CF /* Project object */ = {
			isa = PBXProject;
			attributes = {
				LastUpgradeCheck = 0600;
				ORGANIZATIONNAME = "Vidhya Suresh";
				TargetAttributes = {
					3E0C5A8F19B786C800EAE7CF = {
						CreatedOnToolsVersion = 6.0;
					};
					3E0C5AA119B786C800EAE7CF = {
						CreatedOnToolsVersion = 6.0;
						TestTargetID = 3E0C5A8F19B786C800EAE7CF;
					};
				};
			};
			buildConfigurationList = 3E0C5A8B19B786C800EAE7CF /* Build configuration list for PBXProject "tips" */;
			compatibilityVersion = "Xcode 3.2";
			developmentRegion = English;
			hasScannedForEncodings = 0;
			knownRegions = (
				en,
				Base,
			);
			mainGroup = 3E0C5A8719B786C800EAE7CF;
			productRefGroup = 3E0C5A9119B786C800EAE7CF /* Products */;
			projectDirPath = "";
			projectRoot = "";
			targets = (
				3E0C5A8F19B786C800EAE7CF /* tips */,
				3E0C5AA119B786C800EAE7CF /* tipsTests */,
			);
		};
/* End PBXProject section */

/* Begin PBXResourcesBuildPhase section */
		3E0C5A8E19B786C800EAE7CF /* Resources */ = {
			isa = PBXResourcesBuildPhase;
			buildActionMask = 2147483647;
			files = (
				3E0C5A9B19B786C800EAE7CF /* Main.storyboard in Resources */,
				3E0C5A9D19B786C800EAE7CF /* Images.xcassets in Resources */,
			);
			runOnlyForDeploymentPostprocessing = 0;
		};
		3E0C5AA019B786C800EAE7CF /* Resources */ = {
			isa = PBXResourcesBuildPhase;
			buildActionMask = 2147483647;
			files = (
			);
			runOnlyForDeploymentPostprocessing = 0;
		};
/* End PBXResourcesBuildPhase section */

/* Begin PBXSourcesBuildPhase section */
		3E0C5A8C19B786C800EAE7CF /* Sources */ = {
			isa = PBXSourcesBuildPhase;
			buildActionMask = 2147483647;
			files = (
				3E0C5A9819B786C800EAE7CF /* ViewController.swift in Sources */,
				3E0C5A9619B786C800EAE7CF /* AppDelegate.swift in Sources */,
				3E0C5AB819BD494000EAE7CF /* SettingsViewController.swift in Sources */,
			);
			runOnlyForDeploymentPostprocessing = 0;
		};
		3E0C5A9E19B786C800EAE7CF /* Sources */ = {
			isa = PBXSourcesBuildPhase;
			buildActionMask = 2147483647;
			files = (
				3E0C5AA919B786C800EAE7CF /* tipsTests.swift in Sources */,
			);
			runOnlyForDeploymentPostprocessing = 0;
		};
/* End PBXSourcesBuildPhase section */

/* Begin PBXTargetDependency section */
		3E0C5AA419B786C800EAE7CF /* PBXTargetDependency */ = {
			isa = PBXTargetDependency;
			target = 3E0C5A8F19B786C800EAE7CF /* tips */;
			targetProxy = 3E0C5AA319B786C800EAE7CF /* PBXContainerItemProxy */;
		};
/* End PBXTargetDependency section */

/* Begin PBXVariantGroup section */
		3E0C5A9919B786C800EAE7CF /* Main.storyboard */ = {
			isa = PBXVariantGroup;
			children = (
				3E0C5A9A19B786C800EAE7CF /* Base */,
			);
			name = Main.storyboard;
			sourceTree = "<group>";
		};
/* End PBXVariantGroup section */

/* Begin XCBuildConfiguration section */
		3E0C5AAA19B786C800EAE7CF /* Debug */ = {
			isa = XCBuildConfiguration;
			buildSettings = {
				ALWAYS_SEARCH_USER_PATHS = NO;
				CLANG_CXX_LANGUAGE_STANDARD = "gnu++0x";
				CLANG_CXX_LIBRARY = "libc++";
				CLANG_ENABLE_MODULES = YES;
				CLANG_ENABLE_OBJC_ARC = YES;
				CLANG_WARN_BOOL_CONVERSION = YES;
				CLANG_WARN_CONSTANT_CONVERSION = YES;
				CLANG_WARN_DIRECT_OBJC_ISA_USAGE = YES_ERROR;
				CLANG_WARN_EMPTY_BODY = YES;
				CLANG_WARN_ENUM_CONVERSION = YES;
				CLANG_WARN_INT_CONVERSION = YES;
				CLANG_WARN_OBJC_ROOT_CLASS = YES_ERROR;
				CLANG_WARN_UNREACHABLE_CODE = YES;
				CLANG_WARN__DUPLICATE_METHOD_MATCH = YES;
				"CODE_SIGN_IDENTITY[sdk=iphoneos*]" = "iPhone Developer";
				COPY_PHASE_STRIP = NO;
				ENABLE_STRICT_OBJC_MSGSEND = YES;
				GCC_C_LANGUAGE_STANDARD = gnu99;
				GCC_DYNAMIC_NO_PIC = NO;
				GCC_OPTIMIZATION_LEVEL = 0;
				GCC_PREPROCESSOR_DEFINITIONS = (
					"DEBUG=1",
					"$(inherited)",
				);
				GCC_SYMBOLS_PRIVATE_EXTERN = NO;
				GCC_WARN_64_TO_32_BIT_CONVERSION = YES;
				GCC_WARN_ABOUT_RETURN_TYPE = YES_ERROR;
				GCC_WARN_UNDECLARED_SELECTOR = YES;
				GCC_WARN_UNINITIALIZED_AUTOS = YES_AGGRESSIVE;
				GCC_WARN_UNUSED_FUNCTION = YES;
				GCC_WARN_UNUSED_VARIABLE = YES;
				IPHONEOS_DEPLOYMENT_TARGET = 8.0;
				MTL_ENABLE_DEBUG_INFO = YES;
				ONLY_ACTIVE_ARCH = YES;
				SDKROOT = iphoneos;
				SWIFT_OPTIMIZATION_LEVEL = "-Onone";
			};
			name = Debug;
		};
		3E0C5AAB19B786C800EAE7CF /* Release */ = {
			isa = XCBuildConfiguration;
			buildSettings = {
				ALWAYS_SEARCH_USER_PATHS = NO;
				CLANG_CXX_LANGUAGE_STANDARD = "gnu++0x";
				CLANG_CXX_LIBRARY = "libc++";
				CLANG_ENABLE_MODULES = YES;
				CLANG_ENABLE_OBJC_ARC = YES;
				CLANG_WARN_BOOL_CONVERSION = YES;
				CLANG_WARN_CONSTANT_CONVERSION = YES;
				CLANG_WARN_DIRECT_OBJC_ISA_USAGE = YES_ERROR;
				CLANG_WARN_EMPTY_BODY = YES;
				CLANG_WARN_ENUM_CONVERSION = YES;
				CLANG_WARN_INT_CONVERSION = YES;
				CLANG_WARN_OBJC_ROOT_CLASS = YES_ERROR;
				CLANG_WARN_UNREACHABLE_CODE = YES;
				CLANG_WARN__DUPLICATE_METHOD_MATCH = YES;
				"CODE_SIGN_IDENTITY[sdk=iphoneos*]" = "iPhone Developer";
				COPY_PHASE_STRIP = YES;
				ENABLE_NS_ASSERTIONS = NO;
				ENABLE_STRICT_OBJC_MSGSEND = YES;
				GCC_C_LANGUAGE_STANDARD = gnu99;
				GCC_WARN_64_TO_32_BIT_CONVERSION = YES;
				GCC_WARN_ABOUT_RETURN_TYPE = YES_ERROR;
				GCC_WARN_UNDECLARED_SELECTOR = YES;
				GCC_WARN_UNINITIALIZED_AUTOS = YES_AGGRESSIVE;
				GCC_WARN_UNUSED_FUNCTION = YES;
				GCC_WARN_UNUSED_VARIABLE = YES;
				IPHONEOS_DEPLOYMENT_TARGET = 8.0;
				MTL_ENABLE_DEBUG_INFO = NO;
				SDKROOT = iphoneos;
				VALIDATE_PRODUCT = YES;
			};
			name = Release;
		};
		3E0C5AAD19B786C800EAE7CF /* Debug */ = {
			isa = XCBuildConfiguration;
			buildSettings = {
				ASSETCATALOG_COMPILER_APPICON_NAME = AppIcon;
				ASSETCATALOG_COMPILER_LAUNCHIMAGE_NAME = LaunchImage;
				INFOPLIST_FILE = tips/Info.plist;
				LD_RUNPATH_SEARCH_PATHS = "$(inherited) @executable_path/Frameworks";
				PRODUCT_NAME = "$(TARGET_NAME)";
			};
			name = Debug;
		};
		3E0C5AAE19B786C800EAE7CF /* Release */ = {
			isa = XCBuildConfiguration;
			buildSettings = {
				ASSETCATALOG_COMPILER_APPICON_NAME = AppIcon;
				ASSETCATALOG_COMPILER_LAUNCHIMAGE_NAME = LaunchImage;
				INFOPLIST_FILE = tips/Info.plist;
				LD_RUNPATH_SEARCH_PATHS = "$(inherited) @executable_path/Frameworks";
				PRODUCT_NAME = "$(TARGET_NAME)";
			};
			name = Release;
		};
		3E0C5AB019B786C800EAE7CF /* Debug */ = {
			isa = XCBuildConfiguration;
			buildSettings = {
				BUNDLE_LOADER = "$(TEST_HOST)";
				FRAMEWORK_SEARCH_PATHS = (
					"$(SDKROOT)/Developer/Library/Frameworks",
					"$(inherited)",
				);
				GCC_PREPROCESSOR_DEFINITIONS = (
					"DEBUG=1",
					"$(inherited)",
				);
				INFOPLIST_FILE = tipsTests/Info.plist;
				LD_RUNPATH_SEARCH_PATHS = "$(inherited) @executable_path/Frameworks @loader_path/Frameworks";
				PRODUCT_NAME = "$(TARGET_NAME)";
				TEST_HOST = "$(BUILT_PRODUCTS_DIR)/tips.app/tips";
			};
			name = Debug;
		};
		3E0C5AB119B786C800EAE7CF /* Release */ = {
			isa = XCBuildConfiguration;
			buildSettings = {
				BUNDLE_LOADER = "$(TEST_HOST)";
				FRAMEWORK_SEARCH_PATHS = (
					"$(SDKROOT)/Developer/Library/Frameworks",
					"$(inherited)",
				);
				INFOPLIST_FILE = tipsTests/Info.plist;
				LD_RUNPATH_SEARCH_PATHS = "$(inherited) @executable_path/Frameworks @loader_path/Frameworks";
				PRODUCT_NAME = "$(TARGET_NAME)";
				TEST_HOST = "$(BUILT_PRODUCTS_DIR)/tips.app/tips";
			};
			name = Release;
		};
/* End XCBuildConfiguration section */

/* Begin XCConfigurationList section */
		3E0C5A8B19B786C800EAE7CF /* Build configuration list for PBXProject "tips" */ = {
			isa = XCConfigurationList;
			buildConfigurations = (
				3E0C5AAA19B786C800EAE7CF /* Debug */,
				3E0C5AAB19B786C800EAE7CF /* Release */,
			);
			defaultConfigurationIsVisible = 0;
			defaultConfigurationName = Release;
		};
		3E0C5AAC19B786C800EAE7CF /* Build configuration list for PBXNativeTarget "tips" */ = {
			isa = XCConfigurationList;
			buildConfigurations = (
				3E0C5AAD19B786C800EAE7CF /* Debug */,
				3E0C5AAE19B786C800EAE7CF /* Release */,
			);
			defaultConfigurationIsVisible = 0;
		};
		3E0C5AAF19B786C800EAE7CF /* Build configuration list for PBXNativeTarget "tipsTests" */ = {
			isa = XCConfigurationList;
			buildConfigurations = (
				3E0C5AB019B786C800EAE7CF /* Debug */,
				3E0C5AB119B786C800EAE7CF /* Release */,
			);
			defaultConfigurationIsVisible = 0;
		};
/* End XCConfigurationList section */
	};
	rootObject = 3E0C5A8819B786C800EAE7CF /* Project object */;
}
